
Microsoft Visual Studio Solution File, Format Version 12.00
# Visual Studio Version 17
VisualStudioVersion = 17.2.32505.173
MinimumVisualStudioVersion = 10.0.40219.1
Project("{FAE04EC0-301F-11D3-BF4B-00C04F79EFBC}") = "Escola.UI", "Escola.UI\Escola.UI.csproj", "{70ED5FE2-3823-47C5-A42A-78E1C80595C6}"
EndProject
Project("{FAE04EC0-301F-11D3-BF4B-00C04F79EFBC}") = "Escola.DAL", "Escola.DAL\Escola.DAL.csproj", "{A5AB6FDD-7A53-4D15-96EA-D4C399835446}"
EndProject
Project("{FAE04EC0-301F-11D3-BF4B-00C04F79EFBC}") = "Escola.BLL", "Escola.BLL\Escola.BLL.csproj", "{E4A6F28C-3746-4407-A245-CE3E131C16EF}"
EndProject
Project("{FAE04EC0-301F-11D3-BF4B-00C04F79EFBC}") = "Escola.DTO", "Escola.DTO\Escola.DTO.csproj", "{B7215187-66C8-4B22-AD40-F9B5ADAE38B8}"
EndProject
Global
	GlobalSection(SolutionConfigurationPlatforms) = preSolution
		Debug|Any CPU = Debug|Any CPU
		Release|Any CPU = Release|Any CPU
	EndGlobalSection
	GlobalSection(ProjectConfigurationPlatforms) = postSolution
		{70ED5FE2-3823-47C5-A42A-78E1C80595C6}.Debug|Any CPU.ActiveCfg = Debug|Any CPU
		{70ED5FE2-3823-47C5-A42A-78E1C80595C6}.Debug|Any CPU.Build.0 = Debug|Any CPU
		{70ED5FE2-3823-47C5-A42A-78E1C80595C6}.Release|Any CPU.ActiveCfg = Release|Any CPU
		{70ED5FE2-3823-47C5-A42A-78E1C80595C6}.Release|Any CPU.Build.0 = Release|Any CPU
		{A5AB6FDD-7A53-4D15-96EA-D4C399835446}.Debug|Any CPU.ActiveCfg = Debug|Any CPU
		{A5AB6FDD-7A53-4D15-96EA-D4C399835446}.Debug|Any CPU.Build.0 = Debug|Any CPU
		{A5AB6FDD-7A53-4D15-96EA-D4C399835446}.Release|Any CPU.ActiveCfg = Release|Any CPU
		{A5AB6FDD-7A53-4D15-96EA-D4C399835446}.Release|Any CPU.Build.0 = Release|Any CPU
		{E4A6F28C-3746-4407-A245-CE3E131C16EF}.Debug|Any CPU.ActiveCfg = Debug|Any CPU
		{E4A6F28C-3746-4407-A245-CE3E131C16EF}.Debug|Any CPU.Build.0 = Debug|Any CPU
		{E4A6F28C-3746-4407-A245-CE3E131C16EF}.Release|Any CPU.ActiveCfg = Release|Any CPU
		{E4A6F28C-3746-4407-A245-CE3E131C16EF}.Release|Any CPU.Build.0 = Release|Any CPU
		{B7215187-66C8-4B22-AD40-F9B5ADAE38B8}.Debug|Any CPU.ActiveCfg = Debug|Any CPU
		{B7215187-66C8-4B22-AD40-F9B5ADAE38B8}.Debug|Any CPU.Build.0 = Debug|Any CPU
		{B7215187-66C8-4B22-AD40-F9B5ADAE38B8}.Release|Any CPU.ActiveCfg = Release|Any CPU
		{B7215187-66C8-4B22-AD40-F9B5ADAE38B8}.Release|Any CPU.Build.0 = Release|Any CPU
	EndGlobalSection
	GlobalSection(SolutionProperties) = preSolution
		HideSolutionNode = FALSE
	EndGlobalSection
	GlobalSection(ExtensibilityGlobals) = postSolution
		SolutionGuid = {DDE9B54C-F52B-4C57-8180-6CBA7FD98B29}
	EndGlobalSection
EndGlobal
